
Microsoft Visual Studio Solution File, Format Version 12.00
# Visual Studio Version 16
VisualStudioVersion = 16.0.29709.97
MinimumVisualStudioVersion = 10.0.40219.1
Project("{FAE04EC0-301F-11D3-BF4B-00C04F79EFBC}") = "OneClickKafka", "OneClickKafka\OneClickKafka.csproj", "{CD57B455-ABCE-4B2F-AC43-406692A75A32}"
EndProject
Global
	GlobalSection(SolutionConfigurationPlatforms) = preSolution
		Debug|Any CPU = Debug|Any CPU
		Release|Any CPU = Release|Any CPU
	EndGlobalSection
	GlobalSection(ProjectConfigurationPlatforms) = postSolution
		{CD57B455-ABCE-4B2F-AC43-406692A75A32}.Debug|Any CPU.ActiveCfg = Debug|Any CPU
		{CD57B455-ABCE-4B2F-AC43-406692A75A32}.Debug|Any CPU.Build.0 = Debug|Any CPU
		{CD57B455-ABCE-4B2F-AC43-406692A75A32}.Release|Any CPU.ActiveCfg = Release|Any CPU
		{CD57B455-ABCE-4B2F-AC43-406692A75A32}.Release|Any CPU.Build.0 = Release|Any CPU
	EndGlobalSection
	GlobalSection(SolutionProperties) = preSolution
		HideSolutionNode = FALSE
	EndGlobalSection
	GlobalSection(ExtensibilityGlobals) = postSolution
		SolutionGuid = {8FFA83B3-19BE-4971-8A6C-6093AA2D08AC}
	EndGlobalSection
EndGlobal
